// !$*UTF8*$!
{
	archiveVersion = 1;
	classes = {
	};
	objectVersion = 46;
	objects = {

/* Begin PBXBuildFile section */
		8339C04F1A0CC35700250E71 /* main.m in Sources */ = {isa = PBXBuildFile; fileRef = 8339C04E1A0CC35700250E71 /* main.m */; };
		8339C0571A0CC40C00250E71 /* ATMAttendee.m in Sources */ = {isa = PBXBuildFile; fileRef = 8339C0561A0CC40C00250E71 /* ATMAttendee.m */; };
		8339C05A1A0CC69600250E71 /* ATMWorkshop.m in Sources */ = {isa = PBXBuildFile; fileRef = 8339C0591A0CC69600250E71 /* ATMWorkshop.m */; };
/* End PBXBuildFile section */

/* Begin PBXCopyFilesBuildPhase section */
		8339C0491A0CC35700250E71 /* CopyFiles */ = {
			isa = PBXCopyFilesBuildPhase;
			buildActionMask = 2147483647;
			dstPath = /usr/share/man/man1/;
			dstSubfolderSpec = 0;
			files = (
			);
			runOnlyForDeploymentPostprocessing = 1;
		};
/* End PBXCopyFilesBuildPhase section */

/* Begin PBXFileReference section */
		8339C04B1A0CC35700250E71 /* objective-c-playground */ = {isa = PBXFileReference; explicitFileType = "compiled.mach-o.executable"; includeInIndex = 0; path = "objective-c-playground"; sourceTree = BUILT_PRODUCTS_DIR; };
		8339C04E1A0CC35700250E71 /* main.m */ = {isa = PBXFileReference; lastKnownFileType = sourcecode.c.objc; path = main.m; sourceTree = "<group>"; };
		8339C0551A0CC40C00250E71 /* ATMAttendee.h */ = {isa = PBXFileReference; fileEncoding = 4; lastKnownFileType = sourcecode.c.h; path = ATMAttendee.h; sourceTree = "<group>"; };
		8339C0561A0CC40C00250E71 /* ATMAttendee.m */ = {isa = PBXFileReference; fileEncoding = 4; lastKnownFileType = sourcecode.c.objc; path = ATMAttendee.m; sourceTree = "<group>"; };
		8339C0581A0CC69600250E71 /* ATMWorkshop.h */ = {isa = PBXFileReference; fileEncoding = 4; lastKnownFileType = sourcecode.c.h; path = ATMWorkshop.h; sourceTree = "<group>"; };
		8339C0591A0CC69600250E71 /* ATMWorkshop.m */ = {isa = PBXFileReference; fileEncoding = 4; lastKnownFileType = sourcecode.c.objc; path = ATMWorkshop.m; sourceTree = "<group>"; };
/* End PBXFileReference section */

/* Begin PBXFrameworksBuildPhase section */
		8339C0481A0CC35700250E71 /* Frameworks */ = {
			isa = PBXFrameworksBuildPhase;
			buildActionMask = 2147483647;
			files = (
			);
			runOnlyForDeploymentPostprocessing = 0;
		};
/* End PBXFrameworksBuildPhase section */

/* Begin PBXGroup section */
		8339C0421A0CC35700250E71 = {
			isa = PBXGroup;
			children = (
				8339C04D1A0CC35700250E71 /* first-app */,
				8339C04C1A0CC35700250E71 /* Products */,
			);
			sourceTree = "<group>";
		};
		8339C04C1A0CC35700250E71 /* Products */ = {
			isa = PBXGroup;
			children = (
				8339C04B1A0CC35700250E71 /* objective-c-playground */,
			);
			name = Products;
			sourceTree = "<group>";
		};
		8339C04D1A0CC35700250E71 /* first-app */ = {
			isa = PBXGroup;
			children = (
				8339C04E1A0CC35700250E71 /* main.m */,
				8339C0581A0CC69600250E71 /* ATMWorkshop.h */,
				8339C0591A0CC69600250E71 /* ATMWorkshop.m */,
				8339C0551A0CC40C00250E71 /* ATMAttendee.h */,
				8339C0561A0CC40C00250E71 /* ATMAttendee.m */,
			);
			name = "first-app";
			path = "simple-console-app";
			sourceTree = "<group>";
		};
/* End PBXGroup section */

/* Begin PBXNativeTarget section */
		8339C04A1A0CC35700250E71 /* objective-c-playground */ = {
			isa = PBXNativeTarget;
			buildConfigurationList = 8339C0521A0CC35700250E71 /* Build configuration list for PBXNativeTarget "objective-c-playground" */;
			buildPhases = (
				8339C0471A0CC35700250E71 /* Sources */,
				8339C0481A0CC35700250E71 /* Frameworks */,
				8339C0491A0CC35700250E71 /* CopyFiles */,
			);
			buildRules = (
			);
			dependencies = (
			);
			name = "objective-c-playground";
			productName = "allegro-workshops";
			productReference = 8339C04B1A0CC35700250E71 /* objective-c-playground */;
			productType = "com.apple.product-type.tool";
		};
/* End PBXNativeTarget section */

/* Begin PBXProject section */
		8339C0431A0CC35700250E71 /* Project object */ = {
			isa = PBXProject;
			attributes = {
				LastUpgradeCheck = 0610;
				ORGANIZATIONNAME = "Tomek Rybak";
				TargetAttributes = {
					8339C04A1A0CC35700250E71 = {
						CreatedOnToolsVersion = 6.1;
					};
				};
			};
			buildConfigurationList = 8339C0461A0CC35700250E71 /* Build configuration list for PBXProject "objective-c-playground" */;
			compatibilityVersion = "Xcode 3.2";
			developmentRegion = English;
			hasScannedForEncodings = 0;
			knownRegions = (
				en,
			);
			mainGroup = 8339C0421A0CC35700250E71;
			productRefGroup = 8339C04C1A0CC35700250E71 /* Products */;
			projectDirPath = "";
			projectRoot = "";
			targets = (
				8339C04A1A0CC35700250E71 /* objective-c-playground */,
			);
		};
/* End PBXProject section */

/* Begin PBXSourcesBuildPhase section */
		8339C0471A0CC35700250E71 /* Sources */ = {
			isa = PBXSourcesBuildPhase;
			buildActionMask = 2147483647;
			files = (
				8339C04F1A0CC35700250E71 /* main.m in Sources */,
				8339C0571A0CC40C00250E71 /* ATMAttendee.m in Sources */,
				8339C05A1A0CC69600250E71 /* ATMWorkshop.m in Sources */,
			);
			runOnlyForDeploymentPostprocessing = 0;
		};
/* End PBXSourcesBuildPhase section */

/* Begin XCBuildConfiguration section */
		8339C0501A0CC35700250E71 /* Debug */ = {
			isa = XCBuildConfiguration;
			buildSettings = {
				ALWAYS_SEARCH_USER_PATHS = NO;
				CLANG_CXX_LANGUAGE_STANDARD = "gnu++0x";
				CLANG_CXX_LIBRARY = "libc++";
				CLANG_ENABLE_MODULES = YES;
				CLANG_ENABLE_OBJC_ARC = YES;
				CLANG_WARN_BOOL_CONVERSION = YES;
				CLANG_WARN_CONSTANT_CONVERSION = YES;
				CLANG_WARN_DIRECT_OBJC_ISA_USAGE = YES_ERROR;
				CLANG_WARN_EMPTY_BODY = YES;
				CLANG_WARN_ENUM_CONVERSION = YES;
				CLANG_WARN_INT_CONVERSION = YES;
				CLANG_WARN_OBJC_ROOT_CLASS = YES_ERROR;
				CLANG_WARN_UNREACHABLE_CODE = YES;
				CLANG_WARN__DUPLICATE_METHOD_MATCH = YES;
				COPY_PHASE_STRIP = NO;
				ENABLE_STRICT_OBJC_MSGSEND = YES;
				GCC_C_LANGUAGE_STANDARD = gnu99;
				GCC_DYNAMIC_NO_PIC = NO;
				GCC_OPTIMIZATION_LEVEL = 0;
				GCC_PREPROCESSOR_DEFINITIONS = (
					"DEBUG=1",
					"$(inherited)",
				);
				GCC_SYMBOLS_PRIVATE_EXTERN = NO;
				GCC_WARN_64_TO_32_BIT_CONVERSION = YES;
				GCC_WARN_ABOUT_RETURN_TYPE = YES_ERROR;
				GCC_WARN_UNDECLARED_SELECTOR = YES;
				GCC_WARN_UNINITIALIZED_AUTOS = YES_AGGRESSIVE;
				GCC_WARN_UNUSED_FUNCTION = YES;
				GCC_WARN_UNUSED_VARIABLE = YES;
				MACOSX_DEPLOYMENT_TARGET = 10.9;
				MTL_ENABLE_DEBUG_INFO = YES;
				ONLY_ACTIVE_ARCH = YES;
				SDKROOT = macosx;
			};
			name = Debug;
		};
		8339C0511A0CC35700250E71 /* Release */ = {
			isa = XCBuildConfiguration;
			buildSettings = {
				ALWAYS_SEARCH_USER_PATHS = NO;
				CLANG_CXX_LANGUAGE_STANDARD = "gnu++0x";
				CLANG_CXX_LIBRARY = "libc++";
				CLANG_ENABLE_MODULES = YES;
				CLANG_ENABLE_OBJC_ARC = YES;
				CLANG_WARN_BOOL_CONVERSION = YES;
				CLANG_WARN_CONSTANT_CONVERSION = YES;
				CLANG_WARN_DIRECT_OBJC_ISA_USAGE = YES_ERROR;
				CLANG_WARN_EMPTY_BODY = YES;
				CLANG_WARN_ENUM_CONVERSION = YES;
				CLANG_WARN_INT_CONVERSION = YES;
				CLANG_WARN_OBJC_ROOT_CLASS = YES_ERROR;
				CLANG_WARN_UNREACHABLE_CODE = YES;
				CLANG_WARN__DUPLICATE_METHOD_MATCH = YES;
				COPY_PHASE_STRIP = YES;
				DEBUG_INFORMATION_FORMAT = "dwarf-with-dsym";
				ENABLE_NS_ASSERTIONS = NO;
				ENABLE_STRICT_OBJC_MSGSEND = YES;
				GCC_C_LANGUAGE_STANDARD = gnu99;
				GCC_WARN_64_TO_32_BIT_CONVERSION = YES;
				GCC_WARN_ABOUT_RETURN_TYPE = YES_ERROR;
				GCC_WARN_UNDECLARED_SELECTOR = YES;
				GCC_WARN_UNINITIALIZED_AUTOS = YES_AGGRESSIVE;
				GCC_WARN_UNUSED_FUNCTION = YES;
				GCC_WARN_UNUSED_VARIABLE = YES;
				MACOSX_DEPLOYMENT_TARGET = 10.9;
				MTL_ENABLE_DEBUG_INFO = NO;
				SDKROOT = macosx;
			};
			name = Release;
		};
		8339C0531A0CC35700250E71 /* Debug */ = {
			isa = XCBuildConfiguration;
			buildSettings = {
				PRODUCT_NAME = "objective-c-playground";
			};
			name = Debug;
		};
		8339C0541A0CC35700250E71 /* Release */ = {
			isa = XCBuildConfiguration;
			buildSettings = {
				PRODUCT_NAME = "objective-c-playground";
			};
			name = Release;
		};
/* End XCBuildConfiguration section */

/* Begin XCConfigurationList section */
		8339C0461A0CC35700250E71 /* Build configuration list for PBXProject "objective-c-playground" */ = {
			isa = XCConfigurationList;
			buildConfigurations = (
				8339C0501A0CC35700250E71 /* Debug */,
				8339C0511A0CC35700250E71 /* Release */,
			);
			defaultConfigurationIsVisible = 0;
			defaultConfigurationName = Release;
		};
		8339C0521A0CC35700250E71 /* Build configuration list for PBXNativeTarget "objective-c-playground" */ = {
			isa = XCConfigurationList;
			buildConfigurations = (
				8339C0531A0CC35700250E71 /* Debug */,
				8339C0541A0CC35700250E71 /* Release */,
			);
			defaultConfigurationIsVisible = 0;
			defaultConfigurationName = Release;
		};
/* End XCConfigurationList section */
	};
	rootObject = 8339C0431A0CC35700250E71 /* Project object */;
}
